
Microsoft Visual Studio Solution File, Format Version 12.00
# Visual Studio Version 17
VisualStudioVersion = 17.7.34031.279
MinimumVisualStudioVersion = 10.0.40219.1
Project("{FAE04EC0-301F-11D3-BF4B-00C04F79EFBC}") = "HotelManagementSystem", "HotelManagementSystem.csproj", "{AEB36B05-6625-40E3-8DF8-3DE4C332CF33}"
EndProject
Project("{FAE04EC0-301F-11D3-BF4B-00C04F79EFBC}") = "TrimString", "..\2variantexam\TrimString.csproj", "{0CF63804-D332-4151-8903-563AA637C0C5}"
EndProject
Project("{FAE04EC0-301F-11D3-BF4B-00C04F79EFBC}") = "TrimStringTest", "..\TrimStringTest\TrimStringTest.csproj", "{596FF5A5-E297-490B-A3FD-E0EBDA4D8739}"
EndProject
Global
	GlobalSection(SolutionConfigurationPlatforms) = preSolution
		Debug|Any CPU = Debug|Any CPU
		Release|Any CPU = Release|Any CPU
	EndGlobalSection
	GlobalSection(ProjectConfigurationPlatforms) = postSolution
		{AEB36B05-6625-40E3-8DF8-3DE4C332CF33}.Debug|Any CPU.ActiveCfg = Debug|Any CPU
		{AEB36B05-6625-40E3-8DF8-3DE4C332CF33}.Debug|Any CPU.Build.0 = Debug|Any CPU
		{AEB36B05-6625-40E3-8DF8-3DE4C332CF33}.Release|Any CPU.ActiveCfg = Release|Any CPU
		{AEB36B05-6625-40E3-8DF8-3DE4C332CF33}.Release|Any CPU.Build.0 = Release|Any CPU
		{0CF63804-D332-4151-8903-563AA637C0C5}.Debug|Any CPU.ActiveCfg = Debug|Any CPU
		{0CF63804-D332-4151-8903-563AA637C0C5}.Debug|Any CPU.Build.0 = Debug|Any CPU
		{0CF63804-D332-4151-8903-563AA637C0C5}.Release|Any CPU.ActiveCfg = Release|Any CPU
		{0CF63804-D332-4151-8903-563AA637C0C5}.Release|Any CPU.Build.0 = Release|Any CPU
		{596FF5A5-E297-490B-A3FD-E0EBDA4D8739}.Debug|Any CPU.ActiveCfg = Debug|Any CPU
		{596FF5A5-E297-490B-A3FD-E0EBDA4D8739}.Debug|Any CPU.Build.0 = Debug|Any CPU
		{596FF5A5-E297-490B-A3FD-E0EBDA4D8739}.Release|Any CPU.ActiveCfg = Release|Any CPU
		{596FF5A5-E297-490B-A3FD-E0EBDA4D8739}.Release|Any CPU.Build.0 = Release|Any CPU
	EndGlobalSection
	GlobalSection(SolutionProperties) = preSolution
		HideSolutionNode = FALSE
	EndGlobalSection
	GlobalSection(ExtensibilityGlobals) = postSolution
		SolutionGuid = {119367C1-2895-4B2D-8499-9A99363C6924}
	EndGlobalSection
EndGlobal
